
Microsoft Visual Studio Solution File, Format Version 10.00
# Visual Studio 2008
Project("{2150E333-8FDC-42A3-9474-1A3956D46DE8}") = "SoapBox", "SoapBox", "{A193112F-A541-4AC5-A50C-0D91FA9CF2E9}"
EndProject
Project("{2150E333-8FDC-42A3-9474-1A3956D46DE8}") = "CodeSnippets", "CodeSnippets", "{04E1AF9A-A0F4-49DC-84AF-69C7056EA04A}"
	ProjectSection(SolutionItems) = preProject
		SoapBox\CodeSnippets\PropArgs.snippet = SoapBox\CodeSnippets\PropArgs.snippet
		SoapBox\CodeSnippets\PropName.snippet = SoapBox\CodeSnippets\PropName.snippet
	EndProjectSection
EndProject
Project("{2150E333-8FDC-42A3-9474-1A3956D46DE8}") = "SoapBox.Demo", "SoapBox.Demo", "{98E3BA07-ED24-4E4B-9FBA-E5E8E09AD807}"
	ProjectSection(SolutionItems) = preProject
		SoapBox\SoapBox.Demo\SoapBox.Demo.Setup\EnableLaunchApplication.js = SoapBox\SoapBox.Demo\SoapBox.Demo.Setup\EnableLaunchApplication.js
		SoapBox\SoapBox.Demo\LICENSE.GPL3.txt = SoapBox\SoapBox.Demo\LICENSE.GPL3.txt
		SoapBox\SoapBox.Demo\LICENSE.LGPL3.txt = SoapBox\SoapBox.Demo\LICENSE.LGPL3.txt
		SoapBox\SoapBox.Demo\LICENSE.SoapBox.Demo.txt = SoapBox\SoapBox.Demo\LICENSE.SoapBox.Demo.txt
	EndProjectSection
EndProject
Project("{2150E333-8FDC-42A3-9474-1A3956D46DE8}") = "NLog", "NLog", "{20546FFD-4AE5-4849-8D5B-FF0EA906629F}"
EndProject
Project("{FAE04EC0-301F-11D3-BF4B-00C04F79EFBC}") = "NLog.vs2008", "NLog\src\NLog\NLog.vs2008.csproj", "{020354EE-5073-4BB5-9AA2-A7EADA8CAD09}"
EndProject
Project("{FAE04EC0-301F-11D3-BF4B-00C04F79EFBC}") = "SoapBox.Core.Host", "SoapBox\SoapBox.Core\SoapBox.Core.Host\SoapBox.Core.Host.csproj", "{B2211ECA-B258-4434-B0F2-0F2D114B1744}"
EndProject
Project("{FAE04EC0-301F-11D3-BF4B-00C04F79EFBC}") = "SoapBox.Core.Workbench", "SoapBox\SoapBox.Core\SoapBox.Core.Workbench\SoapBox.Core.Workbench.csproj", "{67ACA6E7-69A1-4D98-BF02-270E7D1F0C2C}"
EndProject
Project("{FAE04EC0-301F-11D3-BF4B-00C04F79EFBC}") = "SoapBox.Core.Contracts", "SoapBox\SoapBox.Core\SoapBox.Core.Contracts\SoapBox.Core.Contracts.csproj", "{FDF772E9-FEF6-487A-B5C7-B64267449CC0}"
EndProject
Project("{2150E333-8FDC-42A3-9474-1A3956D46DE8}") = "AvalonDock", "AvalonDock", "{F04777FF-7CBC-4D9D-9E69-314418D9A262}"
EndProject
Project("{FAE04EC0-301F-11D3-BF4B-00C04F79EFBC}") = "AvalonDock", "AvalonDock\AvalonDock\AvalonDock.csproj", "{2FF700C2-A38A-48BD-A637-8CAFD4FE6237}"
EndProject
Project("{FAE04EC0-301F-11D3-BF4B-00C04F79EFBC}") = "SoapBox.Core.Layout", "SoapBox\SoapBox.Core\SoapBox.Core.Layout\SoapBox.Core.Layout.csproj", "{749E665D-108C-4953-9941-A103A35D9F8E}"
EndProject
Project("{2150E333-8FDC-42A3-9474-1A3956D46DE8}") = "SoapBox.Core", "SoapBox.Core", "{BD1BB86B-680B-4009-A16B-A3A87CB5B0A2}"
	ProjectSection(SolutionItems) = preProject
		SoapBox\SoapBox.Core\LICENSE.GPL3.txt = SoapBox\SoapBox.Core\LICENSE.GPL3.txt
		SoapBox\SoapBox.Core\LICENSE.LGPL3.txt = SoapBox\SoapBox.Core\LICENSE.LGPL3.txt
		SoapBox\SoapBox.Core\LICENSE.SoapBox.Core.txt = SoapBox\SoapBox.Core\LICENSE.SoapBox.Core.txt
	EndProjectSection
EndProject
Project("{FAE04EC0-301F-11D3-BF4B-00C04F79EFBC}") = "SoapBox.Core.Logging", "SoapBox\SoapBox.Core\SoapBox.Core.Logging\SoapBox.Core.Logging.csproj", "{B0F3CB4F-CFAC-4EC0-944D-C12311644FEA}"
EndProject
Project("{FAE04EC0-301F-11D3-BF4B-00C04F79EFBC}") = "SoapBox.Core.Options", "SoapBox\SoapBox.Core\SoapBox.Core.Options\SoapBox.Core.Options.csproj", "{2618E868-2D4B-4118-B2AC-2E1CE6D5AC67}"
EndProject
Project("{2150E333-8FDC-42A3-9474-1A3956D46DE8}") = "Physics2D", "Physics2D", "{B4056ED9-CFEA-4897-A182-E46D1F1A6A07}"
	ProjectSection(SolutionItems) = preProject
		Physics2D\License.txt = Physics2D\License.txt
	EndProjectSection
EndProject
Project("{FAE04EC0-301F-11D3-BF4B-00C04F79EFBC}") = "AdvanceMath", "Physics2D\AdvanceMath\AdvanceMath.csproj", "{A979FDB4-7AB7-444E-9632-77D69D22D743}"
EndProject
Project("{FAE04EC0-301F-11D3-BF4B-00C04F79EFBC}") = "Physics2DDotNet", "Physics2D\Physics2DDotNet\Physics2DDotNet.csproj", "{C024C0B1-401B-4644-8918-D87C28716898}"
EndProject
Project("{FAE04EC0-301F-11D3-BF4B-00C04F79EFBC}") = "SoapBox.Core.Arena", "SoapBox\SoapBox.Core\SoapBox.Core.Arena\SoapBox.Core.Arena.csproj", "{FD3A32CD-A3B6-4059-8DD4-C4CBC8A2DA2B}"
EndProject
Project("{FAE04EC0-301F-11D3-BF4B-00C04F79EFBC}") = "SoapBox.Demo.PinBall", "SoapBox\SoapBox.Demo\SoapBox.Demo.PinBall\SoapBox.Demo.PinBall.csproj", "{41A16A6B-8640-4C43-A7BA-2E6BF54B34FF}"
EndProject
Project("{FAE04EC0-301F-11D3-BF4B-00C04F79EFBC}") = "SoapBox.Demo.HighScores", "SoapBox\SoapBox.Demo\SoapBox.Demo.HighScores\SoapBox.Demo.HighScores.csproj", "{3B4F77B8-C802-4752-A361-22D2365F317A}"
EndProject
Project("{54435603-DBB4-11D2-8724-00A0C9A8B90C}") = "SoapBox.Demo.Setup", "SoapBox\SoapBox.Demo\SoapBox.Demo.Setup\SoapBox.Demo.Setup.vdproj", "{CCB1BC23-954F-41D0-B806-6FA4AB921388}"
EndProject
Global
	GlobalSection(SubversionScc) = preSolution
		Svn-Managed = True
		Manager = AnkhSVN - Subversion Support for Visual Studio
	EndGlobalSection
	GlobalSection(SolutionConfigurationPlatforms) = preSolution
		Debug|Any CPU = Debug|Any CPU
		Release|Any CPU = Release|Any CPU
	EndGlobalSection
	GlobalSection(ProjectConfigurationPlatforms) = postSolution
		{020354EE-5073-4BB5-9AA2-A7EADA8CAD09}.Debug|Any CPU.ActiveCfg = Debug|Any CPU
		{020354EE-5073-4BB5-9AA2-A7EADA8CAD09}.Debug|Any CPU.Build.0 = Debug|Any CPU
		{020354EE-5073-4BB5-9AA2-A7EADA8CAD09}.Release|Any CPU.ActiveCfg = Release|Any CPU
		{020354EE-5073-4BB5-9AA2-A7EADA8CAD09}.Release|Any CPU.Build.0 = Release|Any CPU
		{B2211ECA-B258-4434-B0F2-0F2D114B1744}.Debug|Any CPU.ActiveCfg = Debug|Any CPU
		{B2211ECA-B258-4434-B0F2-0F2D114B1744}.Debug|Any CPU.Build.0 = Debug|Any CPU
		{B2211ECA-B258-4434-B0F2-0F2D114B1744}.Release|Any CPU.ActiveCfg = Release|Any CPU
		{B2211ECA-B258-4434-B0F2-0F2D114B1744}.Release|Any CPU.Build.0 = Release|Any CPU
		{67ACA6E7-69A1-4D98-BF02-270E7D1F0C2C}.Debug|Any CPU.ActiveCfg = Debug|Any CPU
		{67ACA6E7-69A1-4D98-BF02-270E7D1F0C2C}.Debug|Any CPU.Build.0 = Debug|Any CPU
		{67ACA6E7-69A1-4D98-BF02-270E7D1F0C2C}.Release|Any CPU.ActiveCfg = Release|Any CPU
		{67ACA6E7-69A1-4D98-BF02-270E7D1F0C2C}.Release|Any CPU.Build.0 = Release|Any CPU
		{FDF772E9-FEF6-487A-B5C7-B64267449CC0}.Debug|Any CPU.ActiveCfg = Debug|Any CPU
		{FDF772E9-FEF6-487A-B5C7-B64267449CC0}.Debug|Any CPU.Build.0 = Debug|Any CPU
		{FDF772E9-FEF6-487A-B5C7-B64267449CC0}.Release|Any CPU.ActiveCfg = Release|Any CPU
		{FDF772E9-FEF6-487A-B5C7-B64267449CC0}.Release|Any CPU.Build.0 = Release|Any CPU
		{2FF700C2-A38A-48BD-A637-8CAFD4FE6237}.Debug|Any CPU.ActiveCfg = Debug|Any CPU
		{2FF700C2-A38A-48BD-A637-8CAFD4FE6237}.Debug|Any CPU.Build.0 = Debug|Any CPU
		{2FF700C2-A38A-48BD-A637-8CAFD4FE6237}.Release|Any CPU.ActiveCfg = Release|Any CPU
		{2FF700C2-A38A-48BD-A637-8CAFD4FE6237}.Release|Any CPU.Build.0 = Release|Any CPU
		{749E665D-108C-4953-9941-A103A35D9F8E}.Debug|Any CPU.ActiveCfg = Debug|Any CPU
		{749E665D-108C-4953-9941-A103A35D9F8E}.Debug|Any CPU.Build.0 = Debug|Any CPU
		{749E665D-108C-4953-9941-A103A35D9F8E}.Release|Any CPU.ActiveCfg = Release|Any CPU
		{749E665D-108C-4953-9941-A103A35D9F8E}.Release|Any CPU.Build.0 = Release|Any CPU
		{B0F3CB4F-CFAC-4EC0-944D-C12311644FEA}.Debug|Any CPU.ActiveCfg = Debug|Any CPU
		{B0F3CB4F-CFAC-4EC0-944D-C12311644FEA}.Debug|Any CPU.Build.0 = Debug|Any CPU
		{B0F3CB4F-CFAC-4EC0-944D-C12311644FEA}.Release|Any CPU.ActiveCfg = Release|Any CPU
		{B0F3CB4F-CFAC-4EC0-944D-C12311644FEA}.Release|Any CPU.Build.0 = Release|Any CPU
		{2618E868-2D4B-4118-B2AC-2E1CE6D5AC67}.Debug|Any CPU.ActiveCfg = Debug|Any CPU
		{2618E868-2D4B-4118-B2AC-2E1CE6D5AC67}.Debug|Any CPU.Build.0 = Debug|Any CPU
		{2618E868-2D4B-4118-B2AC-2E1CE6D5AC67}.Release|Any CPU.ActiveCfg = Release|Any CPU
		{2618E868-2D4B-4118-B2AC-2E1CE6D5AC67}.Release|Any CPU.Build.0 = Release|Any CPU
		{A979FDB4-7AB7-444E-9632-77D69D22D743}.Debug|Any CPU.ActiveCfg = Debug|Any CPU
		{A979FDB4-7AB7-444E-9632-77D69D22D743}.Debug|Any CPU.Build.0 = Debug|Any CPU
		{A979FDB4-7AB7-444E-9632-77D69D22D743}.Release|Any CPU.ActiveCfg = Release|Any CPU
		{A979FDB4-7AB7-444E-9632-77D69D22D743}.Release|Any CPU.Build.0 = Release|Any CPU
		{C024C0B1-401B-4644-8918-D87C28716898}.Debug|Any CPU.ActiveCfg = Debug|Any CPU
		{C024C0B1-401B-4644-8918-D87C28716898}.Debug|Any CPU.Build.0 = Debug|Any CPU
		{C024C0B1-401B-4644-8918-D87C28716898}.Release|Any CPU.ActiveCfg = Release|Any CPU
		{C024C0B1-401B-4644-8918-D87C28716898}.Release|Any CPU.Build.0 = Release|Any CPU
		{FD3A32CD-A3B6-4059-8DD4-C4CBC8A2DA2B}.Debug|Any CPU.ActiveCfg = Debug|Any CPU
		{FD3A32CD-A3B6-4059-8DD4-C4CBC8A2DA2B}.Debug|Any CPU.Build.0 = Debug|Any CPU
		{FD3A32CD-A3B6-4059-8DD4-C4CBC8A2DA2B}.Release|Any CPU.ActiveCfg = Release|Any CPU
		{FD3A32CD-A3B6-4059-8DD4-C4CBC8A2DA2B}.Release|Any CPU.Build.0 = Release|Any CPU
		{41A16A6B-8640-4C43-A7BA-2E6BF54B34FF}.Debug|Any CPU.ActiveCfg = Debug|Any CPU
		{41A16A6B-8640-4C43-A7BA-2E6BF54B34FF}.Debug|Any CPU.Build.0 = Debug|Any CPU
		{41A16A6B-8640-4C43-A7BA-2E6BF54B34FF}.Release|Any CPU.ActiveCfg = Release|Any CPU
		{41A16A6B-8640-4C43-A7BA-2E6BF54B34FF}.Release|Any CPU.Build.0 = Release|Any CPU
		{3B4F77B8-C802-4752-A361-22D2365F317A}.Debug|Any CPU.ActiveCfg = Debug|Any CPU
		{3B4F77B8-C802-4752-A361-22D2365F317A}.Debug|Any CPU.Build.0 = Debug|Any CPU
		{3B4F77B8-C802-4752-A361-22D2365F317A}.Release|Any CPU.ActiveCfg = Release|Any CPU
		{3B4F77B8-C802-4752-A361-22D2365F317A}.Release|Any CPU.Build.0 = Release|Any CPU
		{CCB1BC23-954F-41D0-B806-6FA4AB921388}.Debug|Any CPU.ActiveCfg = Debug
		{CCB1BC23-954F-41D0-B806-6FA4AB921388}.Release|Any CPU.ActiveCfg = Release
		{CCB1BC23-954F-41D0-B806-6FA4AB921388}.Release|Any CPU.Build.0 = Release
	EndGlobalSection
	GlobalSection(SolutionProperties) = preSolution
		HideSolutionNode = FALSE
	EndGlobalSection
	GlobalSection(NestedProjects) = preSolution
		{04E1AF9A-A0F4-49DC-84AF-69C7056EA04A} = {A193112F-A541-4AC5-A50C-0D91FA9CF2E9}
		{98E3BA07-ED24-4E4B-9FBA-E5E8E09AD807} = {A193112F-A541-4AC5-A50C-0D91FA9CF2E9}
		{BD1BB86B-680B-4009-A16B-A3A87CB5B0A2} = {A193112F-A541-4AC5-A50C-0D91FA9CF2E9}
		{41A16A6B-8640-4C43-A7BA-2E6BF54B34FF} = {98E3BA07-ED24-4E4B-9FBA-E5E8E09AD807}
		{3B4F77B8-C802-4752-A361-22D2365F317A} = {98E3BA07-ED24-4E4B-9FBA-E5E8E09AD807}
		{CCB1BC23-954F-41D0-B806-6FA4AB921388} = {98E3BA07-ED24-4E4B-9FBA-E5E8E09AD807}
		{020354EE-5073-4BB5-9AA2-A7EADA8CAD09} = {20546FFD-4AE5-4849-8D5B-FF0EA906629F}
		{67ACA6E7-69A1-4D98-BF02-270E7D1F0C2C} = {BD1BB86B-680B-4009-A16B-A3A87CB5B0A2}
		{FDF772E9-FEF6-487A-B5C7-B64267449CC0} = {BD1BB86B-680B-4009-A16B-A3A87CB5B0A2}
		{749E665D-108C-4953-9941-A103A35D9F8E} = {BD1BB86B-680B-4009-A16B-A3A87CB5B0A2}
		{B2211ECA-B258-4434-B0F2-0F2D114B1744} = {BD1BB86B-680B-4009-A16B-A3A87CB5B0A2}
		{B0F3CB4F-CFAC-4EC0-944D-C12311644FEA} = {BD1BB86B-680B-4009-A16B-A3A87CB5B0A2}
		{2618E868-2D4B-4118-B2AC-2E1CE6D5AC67} = {BD1BB86B-680B-4009-A16B-A3A87CB5B0A2}
		{FD3A32CD-A3B6-4059-8DD4-C4CBC8A2DA2B} = {BD1BB86B-680B-4009-A16B-A3A87CB5B0A2}
		{2FF700C2-A38A-48BD-A637-8CAFD4FE6237} = {F04777FF-7CBC-4D9D-9E69-314418D9A262}
		{A979FDB4-7AB7-444E-9632-77D69D22D743} = {B4056ED9-CFEA-4897-A182-E46D1F1A6A07}
		{C024C0B1-401B-4644-8918-D87C28716898} = {B4056ED9-CFEA-4897-A182-E46D1F1A6A07}
	EndGlobalSection
	GlobalSection(TestCaseManagementSettings) = postSolution
		CategoryFile = SoapBox.Snap.vsmdi
	EndGlobalSection
EndGlobal
