
Microsoft Visual Studio Solution File, Format Version 11.00
# Visual Studio 2010
Project("{FAE04EC0-301F-11D3-BF4B-00C04F79EFBC}") = "Example01", "Example01\Example01.csproj", "{B56F9D28-82DE-488A-ABC3-A0E49FA2E41F}"
EndProject
Project("{FAE04EC0-301F-11D3-BF4B-00C04F79EFBC}") = "Example02", "Example02\Example02.csproj", "{45D071F9-224D-4BF3-98EA-601B875F987C}"
EndProject
Project("{FAE04EC0-301F-11D3-BF4B-00C04F79EFBC}") = "Example03", "Example03\Example03.csproj", "{2AF3ADDF-5094-4F98-A09F-EBBE0976CE1B}"
EndProject
Project("{FAE04EC0-301F-11D3-BF4B-00C04F79EFBC}") = "Example04", "Example04\Example04.csproj", "{93310C45-7368-4BDB-8474-31FC15C58183}"
EndProject
Project("{FAE04EC0-301F-11D3-BF4B-00C04F79EFBC}") = "Example05", "Example05\Example05.csproj", "{A4994E13-E18E-4EFE-8A2C-E9FF3C6078B6}"
EndProject
Project("{FAE04EC0-301F-11D3-BF4B-00C04F79EFBC}") = "Example06", "Example06\Example06.csproj", "{2374A980-1CCE-4BB7-95D3-7620A96EEF14}"
EndProject
Project("{FAE04EC0-301F-11D3-BF4B-00C04F79EFBC}") = "ExternalLibrary", "ExternalLibrary\ExternalLibrary.csproj", "{C736AD41-9067-4292-9124-F678B1AE3BB3}"
EndProject
Project("{FAE04EC0-301F-11D3-BF4B-00C04F79EFBC}") = "Common", "Common\Common.csproj", "{D9EA21E9-502F-43FA-A196-8C896AD65120}"
EndProject
Global
	GlobalSection(SolutionConfigurationPlatforms) = preSolution
		Debug|Any CPU = Debug|Any CPU
		Debug|Mixed Platforms = Debug|Mixed Platforms
		Debug|x86 = Debug|x86
		Release|Any CPU = Release|Any CPU
		Release|Mixed Platforms = Release|Mixed Platforms
		Release|x86 = Release|x86
	EndGlobalSection
	GlobalSection(ProjectConfigurationPlatforms) = postSolution
		{B56F9D28-82DE-488A-ABC3-A0E49FA2E41F}.Debug|Any CPU.ActiveCfg = Debug|x86
		{B56F9D28-82DE-488A-ABC3-A0E49FA2E41F}.Debug|Mixed Platforms.ActiveCfg = Debug|x86
		{B56F9D28-82DE-488A-ABC3-A0E49FA2E41F}.Debug|Mixed Platforms.Build.0 = Debug|x86
		{B56F9D28-82DE-488A-ABC3-A0E49FA2E41F}.Debug|x86.ActiveCfg = Debug|x86
		{B56F9D28-82DE-488A-ABC3-A0E49FA2E41F}.Debug|x86.Build.0 = Debug|x86
		{B56F9D28-82DE-488A-ABC3-A0E49FA2E41F}.Release|Any CPU.ActiveCfg = Release|x86
		{B56F9D28-82DE-488A-ABC3-A0E49FA2E41F}.Release|Mixed Platforms.ActiveCfg = Release|x86
		{B56F9D28-82DE-488A-ABC3-A0E49FA2E41F}.Release|Mixed Platforms.Build.0 = Release|x86
		{B56F9D28-82DE-488A-ABC3-A0E49FA2E41F}.Release|x86.ActiveCfg = Release|x86
		{B56F9D28-82DE-488A-ABC3-A0E49FA2E41F}.Release|x86.Build.0 = Release|x86
		{45D071F9-224D-4BF3-98EA-601B875F987C}.Debug|Any CPU.ActiveCfg = Debug|x86
		{45D071F9-224D-4BF3-98EA-601B875F987C}.Debug|Mixed Platforms.ActiveCfg = Debug|x86
		{45D071F9-224D-4BF3-98EA-601B875F987C}.Debug|Mixed Platforms.Build.0 = Debug|x86
		{45D071F9-224D-4BF3-98EA-601B875F987C}.Debug|x86.ActiveCfg = Debug|x86
		{45D071F9-224D-4BF3-98EA-601B875F987C}.Debug|x86.Build.0 = Debug|x86
		{45D071F9-224D-4BF3-98EA-601B875F987C}.Release|Any CPU.ActiveCfg = Release|x86
		{45D071F9-224D-4BF3-98EA-601B875F987C}.Release|Mixed Platforms.ActiveCfg = Release|x86
		{45D071F9-224D-4BF3-98EA-601B875F987C}.Release|Mixed Platforms.Build.0 = Release|x86
		{45D071F9-224D-4BF3-98EA-601B875F987C}.Release|x86.ActiveCfg = Release|x86
		{45D071F9-224D-4BF3-98EA-601B875F987C}.Release|x86.Build.0 = Release|x86
		{2AF3ADDF-5094-4F98-A09F-EBBE0976CE1B}.Debug|Any CPU.ActiveCfg = Debug|x86
		{2AF3ADDF-5094-4F98-A09F-EBBE0976CE1B}.Debug|Mixed Platforms.ActiveCfg = Debug|x86
		{2AF3ADDF-5094-4F98-A09F-EBBE0976CE1B}.Debug|Mixed Platforms.Build.0 = Debug|x86
		{2AF3ADDF-5094-4F98-A09F-EBBE0976CE1B}.Debug|x86.ActiveCfg = Debug|x86
		{2AF3ADDF-5094-4F98-A09F-EBBE0976CE1B}.Debug|x86.Build.0 = Debug|x86
		{2AF3ADDF-5094-4F98-A09F-EBBE0976CE1B}.Release|Any CPU.ActiveCfg = Release|x86
		{2AF3ADDF-5094-4F98-A09F-EBBE0976CE1B}.Release|Mixed Platforms.ActiveCfg = Release|x86
		{2AF3ADDF-5094-4F98-A09F-EBBE0976CE1B}.Release|Mixed Platforms.Build.0 = Release|x86
		{2AF3ADDF-5094-4F98-A09F-EBBE0976CE1B}.Release|x86.ActiveCfg = Release|x86
		{2AF3ADDF-5094-4F98-A09F-EBBE0976CE1B}.Release|x86.Build.0 = Release|x86
		{93310C45-7368-4BDB-8474-31FC15C58183}.Debug|Any CPU.ActiveCfg = Debug|x86
		{93310C45-7368-4BDB-8474-31FC15C58183}.Debug|Mixed Platforms.ActiveCfg = Debug|x86
		{93310C45-7368-4BDB-8474-31FC15C58183}.Debug|Mixed Platforms.Build.0 = Debug|x86
		{93310C45-7368-4BDB-8474-31FC15C58183}.Debug|x86.ActiveCfg = Debug|x86
		{93310C45-7368-4BDB-8474-31FC15C58183}.Debug|x86.Build.0 = Debug|x86
		{93310C45-7368-4BDB-8474-31FC15C58183}.Release|Any CPU.ActiveCfg = Release|x86
		{93310C45-7368-4BDB-8474-31FC15C58183}.Release|Mixed Platforms.ActiveCfg = Release|x86
		{93310C45-7368-4BDB-8474-31FC15C58183}.Release|Mixed Platforms.Build.0 = Release|x86
		{93310C45-7368-4BDB-8474-31FC15C58183}.Release|x86.ActiveCfg = Release|x86
		{93310C45-7368-4BDB-8474-31FC15C58183}.Release|x86.Build.0 = Release|x86
		{A4994E13-E18E-4EFE-8A2C-E9FF3C6078B6}.Debug|Any CPU.ActiveCfg = Debug|x86
		{A4994E13-E18E-4EFE-8A2C-E9FF3C6078B6}.Debug|Mixed Platforms.ActiveCfg = Debug|x86
		{A4994E13-E18E-4EFE-8A2C-E9FF3C6078B6}.Debug|Mixed Platforms.Build.0 = Debug|x86
		{A4994E13-E18E-4EFE-8A2C-E9FF3C6078B6}.Debug|x86.ActiveCfg = Debug|x86
		{A4994E13-E18E-4EFE-8A2C-E9FF3C6078B6}.Debug|x86.Build.0 = Debug|x86
		{A4994E13-E18E-4EFE-8A2C-E9FF3C6078B6}.Release|Any CPU.ActiveCfg = Release|x86
		{A4994E13-E18E-4EFE-8A2C-E9FF3C6078B6}.Release|Mixed Platforms.ActiveCfg = Release|x86
		{A4994E13-E18E-4EFE-8A2C-E9FF3C6078B6}.Release|Mixed Platforms.Build.0 = Release|x86
		{A4994E13-E18E-4EFE-8A2C-E9FF3C6078B6}.Release|x86.ActiveCfg = Release|x86
		{A4994E13-E18E-4EFE-8A2C-E9FF3C6078B6}.Release|x86.Build.0 = Release|x86
		{2374A980-1CCE-4BB7-95D3-7620A96EEF14}.Debug|Any CPU.ActiveCfg = Debug|x86
		{2374A980-1CCE-4BB7-95D3-7620A96EEF14}.Debug|Mixed Platforms.ActiveCfg = Debug|x86
		{2374A980-1CCE-4BB7-95D3-7620A96EEF14}.Debug|Mixed Platforms.Build.0 = Debug|x86
		{2374A980-1CCE-4BB7-95D3-7620A96EEF14}.Debug|x86.ActiveCfg = Debug|x86
		{2374A980-1CCE-4BB7-95D3-7620A96EEF14}.Debug|x86.Build.0 = Debug|x86
		{2374A980-1CCE-4BB7-95D3-7620A96EEF14}.Release|Any CPU.ActiveCfg = Release|x86
		{2374A980-1CCE-4BB7-95D3-7620A96EEF14}.Release|Mixed Platforms.ActiveCfg = Release|x86
		{2374A980-1CCE-4BB7-95D3-7620A96EEF14}.Release|Mixed Platforms.Build.0 = Release|x86
		{2374A980-1CCE-4BB7-95D3-7620A96EEF14}.Release|x86.ActiveCfg = Release|x86
		{2374A980-1CCE-4BB7-95D3-7620A96EEF14}.Release|x86.Build.0 = Release|x86
		{C736AD41-9067-4292-9124-F678B1AE3BB3}.Debug|Any CPU.ActiveCfg = Debug|Any CPU
		{C736AD41-9067-4292-9124-F678B1AE3BB3}.Debug|Any CPU.Build.0 = Debug|Any CPU
		{C736AD41-9067-4292-9124-F678B1AE3BB3}.Debug|Mixed Platforms.ActiveCfg = Debug|Any CPU
		{C736AD41-9067-4292-9124-F678B1AE3BB3}.Debug|Mixed Platforms.Build.0 = Debug|Any CPU
		{C736AD41-9067-4292-9124-F678B1AE3BB3}.Debug|x86.ActiveCfg = Debug|Any CPU
		{C736AD41-9067-4292-9124-F678B1AE3BB3}.Release|Any CPU.ActiveCfg = Release|Any CPU
		{C736AD41-9067-4292-9124-F678B1AE3BB3}.Release|Any CPU.Build.0 = Release|Any CPU
		{C736AD41-9067-4292-9124-F678B1AE3BB3}.Release|Mixed Platforms.ActiveCfg = Release|Any CPU
		{C736AD41-9067-4292-9124-F678B1AE3BB3}.Release|Mixed Platforms.Build.0 = Release|Any CPU
		{C736AD41-9067-4292-9124-F678B1AE3BB3}.Release|x86.ActiveCfg = Release|Any CPU
		{D9EA21E9-502F-43FA-A196-8C896AD65120}.Debug|Any CPU.ActiveCfg = Debug|Any CPU
		{D9EA21E9-502F-43FA-A196-8C896AD65120}.Debug|Any CPU.Build.0 = Debug|Any CPU
		{D9EA21E9-502F-43FA-A196-8C896AD65120}.Debug|Mixed Platforms.ActiveCfg = Debug|Any CPU
		{D9EA21E9-502F-43FA-A196-8C896AD65120}.Debug|Mixed Platforms.Build.0 = Debug|Any CPU
		{D9EA21E9-502F-43FA-A196-8C896AD65120}.Debug|x86.ActiveCfg = Debug|Any CPU
		{D9EA21E9-502F-43FA-A196-8C896AD65120}.Release|Any CPU.ActiveCfg = Release|Any CPU
		{D9EA21E9-502F-43FA-A196-8C896AD65120}.Release|Any CPU.Build.0 = Release|Any CPU
		{D9EA21E9-502F-43FA-A196-8C896AD65120}.Release|Mixed Platforms.ActiveCfg = Release|Any CPU
		{D9EA21E9-502F-43FA-A196-8C896AD65120}.Release|Mixed Platforms.Build.0 = Release|Any CPU
		{D9EA21E9-502F-43FA-A196-8C896AD65120}.Release|x86.ActiveCfg = Release|Any CPU
	EndGlobalSection
	GlobalSection(SolutionProperties) = preSolution
		HideSolutionNode = FALSE
	EndGlobalSection
EndGlobal
