
Microsoft Visual Studio Solution File, Format Version 12.00
# Visual Studio 2013
VisualStudioVersion = 12.0.31101.0
MinimumVisualStudioVersion = 10.0.40219.1
Project("{FAE04EC0-301F-11D3-BF4B-00C04F79EFBC}") = "SimpleChatApplication", "SimpleChatApplication\SimpleChatApplication.csproj", "{18B8F03D-09C4-4F14-BF59-45FADB895BE2}"
EndProject
Project("{FAE04EC0-301F-11D3-BF4B-00C04F79EFBC}") = "Common.Events", "Common.Events\Common.Events.csproj", "{F0F01844-BA16-4EC7-B357-0148474291D7}"
EndProject
Project("{FAE04EC0-301F-11D3-BF4B-00C04F79EFBC}") = "Zhingur.Chat.Module", "Zhingur.Chat.Module\Zhingur.Chat.Module.csproj", "{002033BB-C80E-4473-9741-A413D1177177}"
EndProject
Project("{FAE04EC0-301F-11D3-BF4B-00C04F79EFBC}") = "Zhingur.UserControls", "Zhingur.UserControls\Zhingur.UserControls.csproj", "{F1B0F83C-1230-4FFE-A83F-4D33B4821CE1}"
EndProject
Project("{FAE04EC0-301F-11D3-BF4B-00C04F79EFBC}") = "Zhingur.Contract.InheritedContract", "Zhingur.Contract.InheritedContract\Zhingur.Contract.InheritedContract.csproj", "{5A1BD28E-715D-407A-BAD7-4C3060FCBAB9}"
EndProject
Project("{FAE04EC0-301F-11D3-BF4B-00C04F79EFBC}") = "Zhingur.ChatApp", "Zhingur.ChatApp\Zhingur.ChatApp.csproj", "{9DF5D961-0D6A-4059-9CFD-48BF1356CE87}"
EndProject
Project("{2150E333-8FDC-42A3-9474-1A3956D46DE8}") = "Test", "Test", "{A432A353-C5E7-4F38-9310-5CEB72C799EE}"
EndProject
Project("{FAE04EC0-301F-11D3-BF4B-00C04F79EFBC}") = "ModulerWPFTest", "ModulerWPFTest\ModulerWPFTest.csproj", "{F2748C02-0D58-4E26-956D-9BC741C8916C}"
EndProject
Project("{FAE04EC0-301F-11D3-BF4B-00C04F79EFBC}") = "ModuleWPFTest.UnitTest", "ModuleWPFTest.UnitTest\ModuleWPFTest.UnitTest.csproj", "{43E94C57-4FA2-43C5-8B90-4815750DCDA7}"
EndProject
Global
	GlobalSection(SolutionConfigurationPlatforms) = preSolution
		Debug|Any CPU = Debug|Any CPU
		Release|Any CPU = Release|Any CPU
	EndGlobalSection
	GlobalSection(ProjectConfigurationPlatforms) = postSolution
		{18B8F03D-09C4-4F14-BF59-45FADB895BE2}.Debug|Any CPU.ActiveCfg = Debug|Any CPU
		{18B8F03D-09C4-4F14-BF59-45FADB895BE2}.Debug|Any CPU.Build.0 = Debug|Any CPU
		{18B8F03D-09C4-4F14-BF59-45FADB895BE2}.Release|Any CPU.ActiveCfg = Release|Any CPU
		{18B8F03D-09C4-4F14-BF59-45FADB895BE2}.Release|Any CPU.Build.0 = Release|Any CPU
		{F0F01844-BA16-4EC7-B357-0148474291D7}.Debug|Any CPU.ActiveCfg = Debug|Any CPU
		{F0F01844-BA16-4EC7-B357-0148474291D7}.Debug|Any CPU.Build.0 = Debug|Any CPU
		{F0F01844-BA16-4EC7-B357-0148474291D7}.Release|Any CPU.ActiveCfg = Release|Any CPU
		{F0F01844-BA16-4EC7-B357-0148474291D7}.Release|Any CPU.Build.0 = Release|Any CPU
		{002033BB-C80E-4473-9741-A413D1177177}.Debug|Any CPU.ActiveCfg = Debug|Any CPU
		{002033BB-C80E-4473-9741-A413D1177177}.Debug|Any CPU.Build.0 = Debug|Any CPU
		{002033BB-C80E-4473-9741-A413D1177177}.Release|Any CPU.ActiveCfg = Release|Any CPU
		{002033BB-C80E-4473-9741-A413D1177177}.Release|Any CPU.Build.0 = Release|Any CPU
		{F1B0F83C-1230-4FFE-A83F-4D33B4821CE1}.Debug|Any CPU.ActiveCfg = Debug|Any CPU
		{F1B0F83C-1230-4FFE-A83F-4D33B4821CE1}.Debug|Any CPU.Build.0 = Debug|Any CPU
		{F1B0F83C-1230-4FFE-A83F-4D33B4821CE1}.Release|Any CPU.ActiveCfg = Release|Any CPU
		{F1B0F83C-1230-4FFE-A83F-4D33B4821CE1}.Release|Any CPU.Build.0 = Release|Any CPU
		{5A1BD28E-715D-407A-BAD7-4C3060FCBAB9}.Debug|Any CPU.ActiveCfg = Debug|Any CPU
		{5A1BD28E-715D-407A-BAD7-4C3060FCBAB9}.Debug|Any CPU.Build.0 = Debug|Any CPU
		{5A1BD28E-715D-407A-BAD7-4C3060FCBAB9}.Release|Any CPU.ActiveCfg = Release|Any CPU
		{5A1BD28E-715D-407A-BAD7-4C3060FCBAB9}.Release|Any CPU.Build.0 = Release|Any CPU
		{9DF5D961-0D6A-4059-9CFD-48BF1356CE87}.Debug|Any CPU.ActiveCfg = Debug|Any CPU
		{9DF5D961-0D6A-4059-9CFD-48BF1356CE87}.Debug|Any CPU.Build.0 = Debug|Any CPU
		{9DF5D961-0D6A-4059-9CFD-48BF1356CE87}.Release|Any CPU.ActiveCfg = Release|Any CPU
		{9DF5D961-0D6A-4059-9CFD-48BF1356CE87}.Release|Any CPU.Build.0 = Release|Any CPU
		{F2748C02-0D58-4E26-956D-9BC741C8916C}.Debug|Any CPU.ActiveCfg = Debug|Any CPU
		{F2748C02-0D58-4E26-956D-9BC741C8916C}.Debug|Any CPU.Build.0 = Debug|Any CPU
		{F2748C02-0D58-4E26-956D-9BC741C8916C}.Release|Any CPU.ActiveCfg = Release|Any CPU
		{F2748C02-0D58-4E26-956D-9BC741C8916C}.Release|Any CPU.Build.0 = Release|Any CPU
		{43E94C57-4FA2-43C5-8B90-4815750DCDA7}.Debug|Any CPU.ActiveCfg = Debug|Any CPU
		{43E94C57-4FA2-43C5-8B90-4815750DCDA7}.Debug|Any CPU.Build.0 = Debug|Any CPU
		{43E94C57-4FA2-43C5-8B90-4815750DCDA7}.Release|Any CPU.ActiveCfg = Release|Any CPU
		{43E94C57-4FA2-43C5-8B90-4815750DCDA7}.Release|Any CPU.Build.0 = Release|Any CPU
	EndGlobalSection
	GlobalSection(SolutionProperties) = preSolution
		HideSolutionNode = FALSE
	EndGlobalSection
	GlobalSection(NestedProjects) = preSolution
		{F2748C02-0D58-4E26-956D-9BC741C8916C} = {A432A353-C5E7-4F38-9310-5CEB72C799EE}
		{43E94C57-4FA2-43C5-8B90-4815750DCDA7} = {A432A353-C5E7-4F38-9310-5CEB72C799EE}
	EndGlobalSection
EndGlobal
